
Microsoft Visual Studio Solution File, Format Version 12.00
# Visual Studio Version 17
VisualStudioVersion = 17.14.36221.1
MinimumVisualStudioVersion = 10.0.40219.1
Project("{F184B08F-C81C-45F6-A57F-5ABD9991F28F}") = "System.Commands", "System.Commands\System.Commands.vbproj", "{D08B2B3E-BDCB-431C-BD75-93506EBABF76}"
EndProject
Global
	GlobalSection(SolutionConfigurationPlatforms) = preSolution
		Debug|Any CPU = Debug|Any CPU
		Release|Any CPU = Release|Any CPU
	EndGlobalSection
	GlobalSection(ProjectConfigurationPlatforms) = postSolution
		{D08B2B3E-BDCB-431C-BD75-93506EBABF76}.Debug|Any CPU.ActiveCfg = Debug|Any CPU
		{D08B2B3E-BDCB-431C-BD75-93506EBABF76}.Debug|Any CPU.Build.0 = Debug|Any CPU
		{D08B2B3E-BDCB-431C-BD75-93506EBABF76}.Release|Any CPU.ActiveCfg = Release|Any CPU
		{D08B2B3E-BDCB-431C-BD75-93506EBABF76}.Release|Any CPU.Build.0 = Release|Any CPU
	EndGlobalSection
	GlobalSection(SolutionProperties) = preSolution
		HideSolutionNode = FALSE
	EndGlobalSection
	GlobalSection(ExtensibilityGlobals) = postSolution
		SolutionGuid = {ECA83885-1EF2-4CD2-9F3F-768664350041}
	EndGlobalSection
EndGlobal
